// !$*UTF8*$!
{
	archiveVersion = 1;
	classes = {
	};
	objectVersion = 51;
	objects = {

/* Begin PBXBuildFile section */
		1F56E1DB26C53B400024E451 /* AppDelegate.m in Sources */ = {isa = PBXBuildFile; fileRef = 1F56E1DA26C53B400024E451 /* AppDelegate.m */; };
		1F56E1E126C53B410024E451 /* ViewController.m in Sources */ = {isa = PBXBuildFile; fileRef = 1F56E1E026C53B410024E451 /* ViewController.m */; };
		1F56E1E426C53B410024E451 /* Main.storyboard in Resources */ = {isa = PBXBuildFile; fileRef = 1F56E1E226C53B410024E451 /* Main.storyboard */; };
		1F56E1E626C53B430024E451 /* Assets.xcassets in Resources */ = {isa = PBXBuildFile; fileRef = 1F56E1E526C53B430024E451 /* Assets.xcassets */; };
		1F56E1E926C53B430024E451 /* LaunchScreen.storyboard in Resources */ = {isa = PBXBuildFile; fileRef = 1F56E1E726C53B430024E451 /* LaunchScreen.storyboard */; };
		1F56E1EC26C53B430024E451 /* main.m in Sources */ = {isa = PBXBuildFile; fileRef = 1F56E1EB26C53B430024E451 /* main.m */; };
		1F91311E26C7C36600F27D7B /* ExampleViewController.m in Sources */ = {isa = PBXBuildFile; fileRef = 1F91311D26C7C36600F27D7B /* ExampleViewController.m */; };
		1F91312226C7C3D200F27D7B /* BaseViewController.m in Sources */ = {isa = PBXBuildFile; fileRef = 1F91312126C7C3D200F27D7B /* BaseViewController.m */; };
		1F91312726C7C87C00F27D7B /* SimpleNode.m in Sources */ = {isa = PBXBuildFile; fileRef = 1F91312626C7C87C00F27D7B /* SimpleNode.m */; };
		1F91312B26C7CC4700F27D7B /* NodeViewController.m in Sources */ = {isa = PBXBuildFile; fileRef = 1F91312A26C7CC4700F27D7B /* NodeViewController.m */; };
		1F91312F26C7D70000F27D7B /* SpecNode.m in Sources */ = {isa = PBXBuildFile; fileRef = 1F91312E26C7D70000F27D7B /* SpecNode.m */; };
		1F91313526CA028100F27D7B /* UIImage+Additions.m in Sources */ = {isa = PBXBuildFile; fileRef = 1F91313426CA028100F27D7B /* UIImage+Additions.m */; };
		1F91313926CA047100F27D7B /* TableNodeController.m in Sources */ = {isa = PBXBuildFile; fileRef = 1F91313826CA047100F27D7B /* TableNodeController.m */; };
		1F91313D26CA073900F27D7B /* CardCellNode.m in Sources */ = {isa = PBXBuildFile; fileRef = 1F91313C26CA073900F27D7B /* CardCellNode.m */; };
		1F91315F26CB48FD00F27D7B /* PriceNode.m in Sources */ = {isa = PBXBuildFile; fileRef = 1F91315E26CB48FD00F27D7B /* PriceNode.m */; };
		1F91316526CBA57F00F27D7B /* FramesPerSecondMonitor.m in Sources */ = {isa = PBXBuildFile; fileRef = 1F91316426CBA57F00F27D7B /* FramesPerSecondMonitor.m */; };
		9D92BF42B787EF799DB6BC39 /* Pods_TextureExample.framework in Frameworks */ = {isa = PBXBuildFile; fileRef = 3EB25CD6244D178073B45E3D /* Pods_TextureExample.framework */; };
/* End PBXBuildFile section */

/* Begin PBXFileReference section */
		1F56E1D626C53B400024E451 /* TextureExample.app */ = {isa = PBXFileReference; explicitFileType = wrapper.application; includeInIndex = 0; path = TextureExample.app; sourceTree = BUILT_PRODUCTS_DIR; };
		1F56E1D926C53B400024E451 /* AppDelegate.h */ = {isa = PBXFileReference; lastKnownFileType = sourcecode.c.h; path = AppDelegate.h; sourceTree = "<group>"; };
		1F56E1DA26C53B400024E451 /* AppDelegate.m */ = {isa = PBXFileReference; lastKnownFileType = sourcecode.c.objc; path = AppDelegate.m; sourceTree = "<group>"; };
		1F56E1DF26C53B410024E451 /* ViewController.h */ = {isa = PBXFileReference; lastKnownFileType = sourcecode.c.h; path = ViewController.h; sourceTree = "<group>"; };
		1F56E1E026C53B410024E451 /* ViewController.m */ = {isa = PBXFileReference; lastKnownFileType = sourcecode.c.objc; path = ViewController.m; sourceTree = "<group>"; };
		1F56E1E326C53B410024E451 /* Base */ = {isa = PBXFileReference; lastKnownFileType = file.storyboard; name = Base; path = Base.lproj/Main.storyboard; sourceTree = "<group>"; };
		1F56E1E526C53B430024E451 /* Assets.xcassets */ = {isa = PBXFileReference; lastKnownFileType = folder.assetcatalog; path = Assets.xcassets; sourceTree = "<group>"; };
		1F56E1E826C53B430024E451 /* Base */ = {isa = PBXFileReference; lastKnownFileType = file.storyboard; name = Base; path = Base.lproj/LaunchScreen.storyboard; sourceTree = "<group>"; };
		1F56E1EA26C53B430024E451 /* Info.plist */ = {isa = PBXFileReference; lastKnownFileType = text.plist.xml; path = Info.plist; sourceTree = "<group>"; };
		1F56E1EB26C53B430024E451 /* main.m */ = {isa = PBXFileReference; lastKnownFileType = sourcecode.c.objc; path = main.m; sourceTree = "<group>"; };
		1F91311C26C7C36600F27D7B /* ExampleViewController.h */ = {isa = PBXFileReference; lastKnownFileType = sourcecode.c.h; path = ExampleViewController.h; sourceTree = "<group>"; };
		1F91311D26C7C36600F27D7B /* ExampleViewController.m */ = {isa = PBXFileReference; lastKnownFileType = sourcecode.c.objc; path = ExampleViewController.m; sourceTree = "<group>"; };
		1F91312026C7C3D200F27D7B /* BaseViewController.h */ = {isa = PBXFileReference; lastKnownFileType = sourcecode.c.h; path = BaseViewController.h; sourceTree = "<group>"; };
		1F91312126C7C3D200F27D7B /* BaseViewController.m */ = {isa = PBXFileReference; lastKnownFileType = sourcecode.c.objc; path = BaseViewController.m; sourceTree = "<group>"; };
		1F91312526C7C87C00F27D7B /* SimpleNode.h */ = {isa = PBXFileReference; lastKnownFileType = sourcecode.c.h; path = SimpleNode.h; sourceTree = "<group>"; };
		1F91312626C7C87C00F27D7B /* SimpleNode.m */ = {isa = PBXFileReference; lastKnownFileType = sourcecode.c.objc; path = SimpleNode.m; sourceTree = "<group>"; };
		1F91312926C7CC4700F27D7B /* NodeViewController.h */ = {isa = PBXFileReference; lastKnownFileType = sourcecode.c.h; path = NodeViewController.h; sourceTree = "<group>"; };
		1F91312A26C7CC4700F27D7B /* NodeViewController.m */ = {isa = PBXFileReference; lastKnownFileType = sourcecode.c.objc; path = NodeViewController.m; sourceTree = "<group>"; };
		1F91312D26C7D70000F27D7B /* SpecNode.h */ = {isa = PBXFileReference; lastKnownFileType = sourcecode.c.h; path = SpecNode.h; sourceTree = "<group>"; };
		1F91312E26C7D70000F27D7B /* SpecNode.m */ = {isa = PBXFileReference; lastKnownFileType = sourcecode.c.objc; path = SpecNode.m; sourceTree = "<group>"; };
		1F91313126CA002E00F27D7B /* MacroCons.h */ = {isa = PBXFileReference; lastKnownFileType = sourcecode.c.h; path = MacroCons.h; sourceTree = "<group>"; };
		1F91313326CA028100F27D7B /* UIImage+Additions.h */ = {isa = PBXFileReference; lastKnownFileType = sourcecode.c.h; path = "UIImage+Additions.h"; sourceTree = "<group>"; };
		1F91313426CA028100F27D7B /* UIImage+Additions.m */ = {isa = PBXFileReference; lastKnownFileType = sourcecode.c.objc; path = "UIImage+Additions.m"; sourceTree = "<group>"; };
		1F91313726CA047100F27D7B /* TableNodeController.h */ = {isa = PBXFileReference; lastKnownFileType = sourcecode.c.h; path = TableNodeController.h; sourceTree = "<group>"; };
		1F91313826CA047100F27D7B /* TableNodeController.m */ = {isa = PBXFileReference; lastKnownFileType = sourcecode.c.objc; path = TableNodeController.m; sourceTree = "<group>"; };
		1F91313B26CA073900F27D7B /* CardCellNode.h */ = {isa = PBXFileReference; lastKnownFileType = sourcecode.c.h; path = CardCellNode.h; sourceTree = "<group>"; };
		1F91313C26CA073900F27D7B /* CardCellNode.m */ = {isa = PBXFileReference; lastKnownFileType = sourcecode.c.objc; path = CardCellNode.m; sourceTree = "<group>"; };
		1F91315D26CB48FD00F27D7B /* PriceNode.h */ = {isa = PBXFileReference; lastKnownFileType = sourcecode.c.h; path = PriceNode.h; sourceTree = "<group>"; };
		1F91315E26CB48FD00F27D7B /* PriceNode.m */ = {isa = PBXFileReference; lastKnownFileType = sourcecode.c.objc; path = PriceNode.m; sourceTree = "<group>"; };
		1F91316126CB4C3100F27D7B /* CardCellNodeDataProtocol.h */ = {isa = PBXFileReference; lastKnownFileType = sourcecode.c.h; path = CardCellNodeDataProtocol.h; sourceTree = "<group>"; };
		1F91316326CBA57F00F27D7B /* FramesPerSecondMonitor.h */ = {isa = PBXFileReference; lastKnownFileType = sourcecode.c.h; path = FramesPerSecondMonitor.h; sourceTree = "<group>"; };
		1F91316426CBA57F00F27D7B /* FramesPerSecondMonitor.m */ = {isa = PBXFileReference; lastKnownFileType = sourcecode.c.objc; path = FramesPerSecondMonitor.m; sourceTree = "<group>"; };
		3EB25CD6244D178073B45E3D /* Pods_TextureExample.framework */ = {isa = PBXFileReference; explicitFileType = wrapper.framework; includeInIndex = 0; path = Pods_TextureExample.framework; sourceTree = BUILT_PRODUCTS_DIR; };
		53743DCF1A2897010CD00CA1 /* Pods-TextureExample.debug.xcconfig */ = {isa = PBXFileReference; includeInIndex = 1; lastKnownFileType = text.xcconfig; name = "Pods-TextureExample.debug.xcconfig"; path = "Target Support Files/Pods-TextureExample/Pods-TextureExample.debug.xcconfig"; sourceTree = "<group>"; };
		62D8733C52E7ADAA8F6A00E0 /* Pods-TextureExample.release.xcconfig */ = {isa = PBXFileReference; includeInIndex = 1; lastKnownFileType = text.xcconfig; name = "Pods-TextureExample.release.xcconfig"; path = "Target Support Files/Pods-TextureExample/Pods-TextureExample.release.xcconfig"; sourceTree = "<group>"; };
/* End PBXFileReference section */

/* Begin PBXFrameworksBuildPhase section */
		1F56E1D326C53B400024E451 /* Frameworks */ = {
			isa = PBXFrameworksBuildPhase;
			buildActionMask = 2147483647;
			files = (
				9D92BF42B787EF799DB6BC39 /* Pods_TextureExample.framework in Frameworks */,
			);
			runOnlyForDeploymentPostprocessing = 0;
		};
/* End PBXFrameworksBuildPhase section */

/* Begin PBXGroup section */
		0D7A63B7D56CD9FECE210F7C /* Pods */ = {
			isa = PBXGroup;
			children = (
				53743DCF1A2897010CD00CA1 /* Pods-TextureExample.debug.xcconfig */,
				62D8733C52E7ADAA8F6A00E0 /* Pods-TextureExample.release.xcconfig */,
			);
			path = Pods;
			sourceTree = "<group>";
		};
		1F56E1CD26C53B400024E451 = {
			isa = PBXGroup;
			children = (
				1F56E1D826C53B400024E451 /* TextureExample */,
				1F56E1D726C53B400024E451 /* Products */,
				0D7A63B7D56CD9FECE210F7C /* Pods */,
				B8B29D6AFBBACCB95738631C /* Frameworks */,
			);
			sourceTree = "<group>";
		};
		1F56E1D726C53B400024E451 /* Products */ = {
			isa = PBXGroup;
			children = (
				1F56E1D626C53B400024E451 /* TextureExample.app */,
			);
			name = Products;
			sourceTree = "<group>";
		};
		1F56E1D826C53B400024E451 /* TextureExample */ = {
			isa = PBXGroup;
			children = (
				1F56E1D926C53B400024E451 /* AppDelegate.h */,
				1F56E1DA26C53B400024E451 /* AppDelegate.m */,
				1F56E1E526C53B430024E451 /* Assets.xcassets */,
				1F91312026C7C3D200F27D7B /* BaseViewController.h */,
				1F91312126C7C3D200F27D7B /* BaseViewController.m */,
				1F91311C26C7C36600F27D7B /* ExampleViewController.h */,
				1F91311D26C7C36600F27D7B /* ExampleViewController.m */,
				1F56E1EA26C53B430024E451 /* Info.plist */,
				1F56E1E726C53B430024E451 /* LaunchScreen.storyboard */,
				1F91313126CA002E00F27D7B /* MacroCons.h */,
				1F56E1EB26C53B430024E451 /* main.m */,
				1F56E1E226C53B410024E451 /* Main.storyboard */,
				1F91312926C7CC4700F27D7B /* NodeViewController.h */,
				1F91312A26C7CC4700F27D7B /* NodeViewController.m */,
				1F91312526C7C87C00F27D7B /* SimpleNode.h */,
				1F91312626C7C87C00F27D7B /* SimpleNode.m */,
				1F91312D26C7D70000F27D7B /* SpecNode.h */,
				1F91312E26C7D70000F27D7B /* SpecNode.m */,
				1F91313326CA028100F27D7B /* UIImage+Additions.h */,
				1F91313426CA028100F27D7B /* UIImage+Additions.m */,
				1F56E1DF26C53B410024E451 /* ViewController.h */,
				1F56E1E026C53B410024E451 /* ViewController.m */,
				1F91313726CA047100F27D7B /* TableNodeController.h */,
				1F91313826CA047100F27D7B /* TableNodeController.m */,
				1F91316126CB4C3100F27D7B /* CardCellNodeDataProtocol.h */,
				1F91313B26CA073900F27D7B /* CardCellNode.h */,
				1F91313C26CA073900F27D7B /* CardCellNode.m */,
				1F91315D26CB48FD00F27D7B /* PriceNode.h */,
				1F91315E26CB48FD00F27D7B /* PriceNode.m */,
				1F91316326CBA57F00F27D7B /* FramesPerSecondMonitor.h */,
				1F91316426CBA57F00F27D7B /* FramesPerSecondMonitor.m */,
			);
			path = TextureExample;
			sourceTree = "<group>";
		};
		B8B29D6AFBBACCB95738631C /* Frameworks */ = {
			isa = PBXGroup;
			children = (
				3EB25CD6244D178073B45E3D /* Pods_TextureExample.framework */,
			);
			name = Frameworks;
			sourceTree = "<group>";
		};
/* End PBXGroup section */

/* Begin PBXNativeTarget section */
		1F56E1D526C53B400024E451 /* TextureExample */ = {
			isa = PBXNativeTarget;
			buildConfigurationList = 1F56E1EF26C53B430024E451 /* Build configuration list for PBXNativeTarget "TextureExample" */;
			buildPhases = (
				A7463532036D0339A41BC231 /* [CP] Check Pods Manifest.lock */,
				1F56E1D226C53B400024E451 /* Sources */,
				1F56E1D326C53B400024E451 /* Frameworks */,
				1F56E1D426C53B400024E451 /* Resources */,
				15537F31798F7C013B28F5B2 /* [CP] Embed Pods Frameworks */,
			);
			buildRules = (
			);
			dependencies = (
			);
			name = TextureExample;
			productName = TextureExample;
			productReference = 1F56E1D626C53B400024E451 /* TextureExample.app */;
			productType = "com.apple.product-type.application";
		};
/* End PBXNativeTarget section */

/* Begin PBXProject section */
		1F56E1CE26C53B400024E451 /* Project object */ = {
			isa = PBXProject;
			attributes = {
				LastUpgradeCheck = 1240;
				TargetAttributes = {
					1F56E1D526C53B400024E451 = {
						CreatedOnToolsVersion = 12.4;
					};
				};
			};
			buildConfigurationList = 1F56E1D126C53B400024E451 /* Build configuration list for PBXProject "TextureExample" */;
			compatibilityVersion = "Xcode 9.3";
			developmentRegion = en;
			hasScannedForEncodings = 0;
			knownRegions = (
				en,
				Base,
			);
			mainGroup = 1F56E1CD26C53B400024E451;
			productRefGroup = 1F56E1D726C53B400024E451 /* Products */;
			projectDirPath = "";
			projectRoot = "";
			targets = (
				1F56E1D526C53B400024E451 /* TextureExample */,
			);
		};
/* End PBXProject section */

/* Begin PBXResourcesBuildPhase section */
		1F56E1D426C53B400024E451 /* Resources */ = {
			isa = PBXResourcesBuildPhase;
			buildActionMask = 2147483647;
			files = (
				1F56E1E926C53B430024E451 /* LaunchScreen.storyboard in Resources */,
				1F56E1E626C53B430024E451 /* Assets.xcassets in Resources */,
				1F56E1E426C53B410024E451 /* Main.storyboard in Resources */,
			);
			runOnlyForDeploymentPostprocessing = 0;
		};
/* End PBXResourcesBuildPhase section */

/* Begin PBXShellScriptBuildPhase section */
		15537F31798F7C013B28F5B2 /* [CP] Embed Pods Frameworks */ = {
			isa = PBXShellScriptBuildPhase;
			buildActionMask = 2147483647;
			files = (
			);
			inputFileListPaths = (
				"${PODS_ROOT}/Target Support Files/Pods-TextureExample/Pods-TextureExample-frameworks-${CONFIGURATION}-input-files.xcfilelist",
			);
			name = "[CP] Embed Pods Frameworks";
			outputFileListPaths = (
				"${PODS_ROOT}/Target Support Files/Pods-TextureExample/Pods-TextureExample-frameworks-${CONFIGURATION}-output-files.xcfilelist",
			);
			runOnlyForDeploymentPostprocessing = 0;
			shellPath = /bin/sh;
			shellScript = "\"${PODS_ROOT}/Target Support Files/Pods-TextureExample/Pods-TextureExample-frameworks.sh\"\n";
			showEnvVarsInLog = 0;
		};
		A7463532036D0339A41BC231 /* [CP] Check Pods Manifest.lock */ = {
			isa = PBXShellScriptBuildPhase;
			buildActionMask = 2147483647;
			files = (
			);
			inputFileListPaths = (
			);
			inputPaths = (
				"${PODS_PODFILE_DIR_PATH}/Podfile.lock",
				"${PODS_ROOT}/Manifest.lock",
			);
			name = "[CP] Check Pods Manifest.lock";
			outputFileListPaths = (
			);
			outputPaths = (
				"$(DERIVED_FILE_DIR)/Pods-TextureExample-checkManifestLockResult.txt",
			);
			runOnlyForDeploymentPostprocessing = 0;
			shellPath = /bin/sh;
			shellScript = "diff \"${PODS_PODFILE_DIR_PATH}/Podfile.lock\" \"${PODS_ROOT}/Manifest.lock\" > /dev/null\nif [ $? != 0 ] ; then\n    # print error to STDERR\n    echo \"error: The sandbox is not in sync with the Podfile.lock. Run 'pod install' or update your CocoaPods installation.\" >&2\n    exit 1\nfi\n# This output is used by Xcode 'outputs' to avoid re-running this script phase.\necho \"SUCCESS\" > \"${SCRIPT_OUTPUT_FILE_0}\"\n";
			showEnvVarsInLog = 0;
		};
/* End PBXShellScriptBuildPhase section */

/* Begin PBXSourcesBuildPhase section */
		1F56E1D226C53B400024E451 /* Sources */ = {
			isa = PBXSourcesBuildPhase;
			buildActionMask = 2147483647;
			files = (
				1F56E1E126C53B410024E451 /* ViewController.m in Sources */,
				1F91312726C7C87C00F27D7B /* SimpleNode.m in Sources */,
				1F91316526CBA57F00F27D7B /* FramesPerSecondMonitor.m in Sources */,
				1F91313926CA047100F27D7B /* TableNodeController.m in Sources */,
				1F91312226C7C3D200F27D7B /* BaseViewController.m in Sources */,
				1F91313D26CA073900F27D7B /* CardCellNode.m in Sources */,
				1F91311E26C7C36600F27D7B /* ExampleViewController.m in Sources */,
				1F91313526CA028100F27D7B /* UIImage+Additions.m in Sources */,
				1F91312B26C7CC4700F27D7B /* NodeViewController.m in Sources */,
				1F56E1DB26C53B400024E451 /* AppDelegate.m in Sources */,
				1F91312F26C7D70000F27D7B /* SpecNode.m in Sources */,
				1F56E1EC26C53B430024E451 /* main.m in Sources */,
				1F91315F26CB48FD00F27D7B /* PriceNode.m in Sources */,
			);
			runOnlyForDeploymentPostprocessing = 0;
		};
/* End PBXSourcesBuildPhase section */

/* Begin PBXVariantGroup section */
		1F56E1E226C53B410024E451 /* Main.storyboard */ = {
			isa = PBXVariantGroup;
			children = (
				1F56E1E326C53B410024E451 /* Base */,
			);
			name = Main.storyboard;
			sourceTree = "<group>";
		};
		1F56E1E726C53B430024E451 /* LaunchScreen.storyboard */ = {
			isa = PBXVariantGroup;
			children = (
				1F56E1E826C53B430024E451 /* Base */,
			);
			name = LaunchScreen.storyboard;
			sourceTree = "<group>";
		};
/* End PBXVariantGroup section */

/* Begin XCBuildConfiguration section */
		1F56E1ED26C53B430024E451 /* Debug */ = {
			isa = XCBuildConfiguration;
			buildSettings = {
				ALWAYS_SEARCH_USER_PATHS = NO;
				CLANG_ANALYZER_NONNULL = YES;
				CLANG_ANALYZER_NUMBER_OBJECT_CONVERSION = YES_AGGRESSIVE;
				CLANG_CXX_LANGUAGE_STANDARD = "gnu++14";
				CLANG_CXX_LIBRARY = "libc++";
				CLANG_ENABLE_MODULES = YES;
				CLANG_ENABLE_OBJC_ARC = YES;
				CLANG_ENABLE_OBJC_WEAK = YES;
				CLANG_WARN_BLOCK_CAPTURE_AUTORELEASING = YES;
				CLANG_WARN_BOOL_CONVERSION = YES;
				CLANG_WARN_COMMA = YES;
				CLANG_WARN_CONSTANT_CONVERSION = YES;
				CLANG_WARN_DEPRECATED_OBJC_IMPLEMENTATIONS = YES;
				CLANG_WARN_DIRECT_OBJC_ISA_USAGE = YES_ERROR;
				CLANG_WARN_DOCUMENTATION_COMMENTS = YES;
				CLANG_WARN_EMPTY_BODY = YES;
				CLANG_WARN_ENUM_CONVERSION = YES;
				CLANG_WARN_INFINITE_RECURSION = YES;
				CLANG_WARN_INT_CONVERSION = YES;
				CLANG_WARN_NON_LITERAL_NULL_CONVERSION = YES;
				CLANG_WARN_OBJC_IMPLICIT_RETAIN_SELF = YES;
				CLANG_WARN_OBJC_LITERAL_CONVERSION = YES;
				CLANG_WARN_OBJC_ROOT_CLASS = YES_ERROR;
				CLANG_WARN_QUOTED_INCLUDE_IN_FRAMEWORK_HEADER = YES;
				CLANG_WARN_RANGE_LOOP_ANALYSIS = YES;
				CLANG_WARN_STRICT_PROTOTYPES = YES;
				CLANG_WARN_SUSPICIOUS_MOVE = YES;
				CLANG_WARN_UNGUARDED_AVAILABILITY = YES_AGGRESSIVE;
				CLANG_WARN_UNREACHABLE_CODE = YES;
				CLANG_WARN__DUPLICATE_METHOD_MATCH = YES;
				COPY_PHASE_STRIP = NO;
				DEBUG_INFORMATION_FORMAT = dwarf;
				ENABLE_STRICT_OBJC_MSGSEND = YES;
				ENABLE_TESTABILITY = YES;
				GCC_C_LANGUAGE_STANDARD = gnu11;
				GCC_DYNAMIC_NO_PIC = NO;
				GCC_NO_COMMON_BLOCKS = YES;
				GCC_OPTIMIZATION_LEVEL = 0;
				GCC_PREPROCESSOR_DEFINITIONS = (
					"DEBUG=1",
					"$(inherited)",
				);
				GCC_WARN_64_TO_32_BIT_CONVERSION = YES;
				GCC_WARN_ABOUT_RETURN_TYPE = YES_ERROR;
				GCC_WARN_UNDECLARED_SELECTOR = YES;
				GCC_WARN_UNINITIALIZED_AUTOS = YES_AGGRESSIVE;
				GCC_WARN_UNUSED_FUNCTION = YES;
				GCC_WARN_UNUSED_VARIABLE = YES;
				IPHONEOS_DEPLOYMENT_TARGET = 14.4;
				MTL_ENABLE_DEBUG_INFO = INCLUDE_SOURCE;
				MTL_FAST_MATH = YES;
				ONLY_ACTIVE_ARCH = YES;
				SDKROOT = iphoneos;
			};
			name = Debug;
		};
		1F56E1EE26C53B430024E451 /* Release */ = {
			isa = XCBuildConfiguration;
			buildSettings = {
				ALWAYS_SEARCH_USER_PATHS = NO;
				CLANG_ANALYZER_NONNULL = YES;
				CLANG_ANALYZER_NUMBER_OBJECT_CONVERSION = YES_AGGRESSIVE;
				CLANG_CXX_LANGUAGE_STANDARD = "gnu++14";
				CLANG_CXX_LIBRARY = "libc++";
				CLANG_ENABLE_MODULES = YES;
				CLANG_ENABLE_OBJC_ARC = YES;
				CLANG_ENABLE_OBJC_WEAK = YES;
				CLANG_WARN_BLOCK_CAPTURE_AUTORELEASING = YES;
				CLANG_WARN_BOOL_CONVERSION = YES;
				CLANG_WARN_COMMA = YES;
				CLANG_WARN_CONSTANT_CONVERSION = YES;
				CLANG_WARN_DEPRECATED_OBJC_IMPLEMENTATIONS = YES;
				CLANG_WARN_DIRECT_OBJC_ISA_USAGE = YES_ERROR;
				CLANG_WARN_DOCUMENTATION_COMMENTS = YES;
				CLANG_WARN_EMPTY_BODY = YES;
				CLANG_WARN_ENUM_CONVERSION = YES;
				CLANG_WARN_INFINITE_RECURSION = YES;
				CLANG_WARN_INT_CONVERSION = YES;
				CLANG_WARN_NON_LITERAL_NULL_CONVERSION = YES;
				CLANG_WARN_OBJC_IMPLICIT_RETAIN_SELF = YES;
				CLANG_WARN_OBJC_LITERAL_CONVERSION = YES;
				CLANG_WARN_OBJC_ROOT_CLASS = YES_ERROR;
				CLANG_WARN_QUOTED_INCLUDE_IN_FRAMEWORK_HEADER = YES;
				CLANG_WARN_RANGE_LOOP_ANALYSIS = YES;
				CLANG_WARN_STRICT_PROTOTYPES = YES;
				CLANG_WARN_SUSPICIOUS_MOVE = YES;
				CLANG_WARN_UNGUARDED_AVAILABILITY = YES_AGGRESSIVE;
				CLANG_WARN_UNREACHABLE_CODE = YES;
				CLANG_WARN__DUPLICATE_METHOD_MATCH = YES;
				COPY_PHASE_STRIP = NO;
				DEBUG_INFORMATION_FORMAT = "dwarf-with-dsym";
				ENABLE_NS_ASSERTIONS = NO;
				ENABLE_STRICT_OBJC_MSGSEND = YES;
				GCC_C_LANGUAGE_STANDARD = gnu11;
				GCC_NO_COMMON_BLOCKS = YES;
				GCC_WARN_64_TO_32_BIT_CONVERSION = YES;
				GCC_WARN_ABOUT_RETURN_TYPE = YES_ERROR;
				GCC_WARN_UNDECLARED_SELECTOR = YES;
				GCC_WARN_UNINITIALIZED_AUTOS = YES_AGGRESSIVE;
				GCC_WARN_UNUSED_FUNCTION = YES;
				GCC_WARN_UNUSED_VARIABLE = YES;
				IPHONEOS_DEPLOYMENT_TARGET = 14.4;
				MTL_ENABLE_DEBUG_INFO = NO;
				MTL_FAST_MATH = YES;
				SDKROOT = iphoneos;
				VALIDATE_PRODUCT = YES;
			};
			name = Release;
		};
		1F56E1F026C53B430024E451 /* Debug */ = {
			isa = XCBuildConfiguration;
			baseConfigurationReference = 53743DCF1A2897010CD00CA1 /* Pods-TextureExample.debug.xcconfig */;
			buildSettings = {
				ASSETCATALOG_COMPILER_APPICON_NAME = AppIcon;
				ASSETCATALOG_COMPILER_GLOBAL_ACCENT_COLOR_NAME = AccentColor;
				CODE_SIGN_STYLE = Automatic;
				DEVELOPMENT_TEAM = BY4SK3N8B6;
				INFOPLIST_FILE = TextureExample/Info.plist;
				IPHONEOS_DEPLOYMENT_TARGET = 11.0;
				LD_RUNPATH_SEARCH_PATHS = (
					"$(inherited)",
					"@executable_path/Frameworks",
				);
				PRODUCT_BUNDLE_IDENTIFIER = com.xiaochenghua.TextureExample;
				PRODUCT_NAME = "$(TARGET_NAME)";
				TARGETED_DEVICE_FAMILY = "1,2";
			};
			name = Debug;
		};
		1F56E1F126C53B430024E451 /* Release */ = {
			isa = XCBuildConfiguration;
			baseConfigurationReference = 62D8733C52E7ADAA8F6A00E0 /* Pods-TextureExample.release.xcconfig */;
			buildSettings = {
				ASSETCATALOG_COMPILER_APPICON_NAME = AppIcon;
				ASSETCATALOG_COMPILER_GLOBAL_ACCENT_COLOR_NAME = AccentColor;
				CODE_SIGN_STYLE = Automatic;
				DEVELOPMENT_TEAM = BY4SK3N8B6;
				INFOPLIST_FILE = TextureExample/Info.plist;
				IPHONEOS_DEPLOYMENT_TARGET = 11.0;
				LD_RUNPATH_SEARCH_PATHS = (
					"$(inherited)",
					"@executable_path/Frameworks",
				);
				PRODUCT_BUNDLE_IDENTIFIER = com.xiaochenghua.TextureExample;
				PRODUCT_NAME = "$(TARGET_NAME)";
				TARGETED_DEVICE_FAMILY = "1,2";
			};
			name = Release;
		};
/* End XCBuildConfiguration section */

/* Begin XCConfigurationList section */
		1F56E1D126C53B400024E451 /* Build configuration list for PBXProject "TextureExample" */ = {
			isa = XCConfigurationList;
			buildConfigurations = (
				1F56E1ED26C53B430024E451 /* Debug */,
				1F56E1EE26C53B430024E451 /* Release */,
			);
			defaultConfigurationIsVisible = 0;
			defaultConfigurationName = Release;
		};
		1F56E1EF26C53B430024E451 /* Build configuration list for PBXNativeTarget "TextureExample" */ = {
			isa = XCConfigurationList;
			buildConfigurations = (
				1F56E1F026C53B430024E451 /* Debug */,
				1F56E1F126C53B430024E451 /* Release */,
			);
			defaultConfigurationIsVisible = 0;
			defaultConfigurationName = Release;
		};
/* End XCConfigurationList section */
	};
	rootObject = 1F56E1CE26C53B400024E451 /* Project object */;
}
